
Microsoft Visual Studio Solution File, Format Version 12.00
Project("{FAE04EC0-301F-11D3-BF4B-00C04F79EFBC}") = "tests", "tests\tests.csproj", "{20D8534D-1052-491D-95EE-C3E22C6DA304}"
EndProject
Project("{FAE04EC0-301F-11D3-BF4B-00C04F79EFBC}") = "csharp2048", "csharp2048\csharp2048.csproj", "{002DEBBC-BF4E-49DA-885C-75AC9E4F74EC}"
EndProject
Global
	GlobalSection(SolutionConfigurationPlatforms) = preSolution
		Debug|Any CPU = Debug|Any CPU
		Release|Any CPU = Release|Any CPU
	EndGlobalSection
	GlobalSection(ProjectConfigurationPlatforms) = postSolution
		{20D8534D-1052-491D-95EE-C3E22C6DA304}.Debug|Any CPU.ActiveCfg = Debug|Any CPU
		{20D8534D-1052-491D-95EE-C3E22C6DA304}.Debug|Any CPU.Build.0 = Debug|Any CPU
		{20D8534D-1052-491D-95EE-C3E22C6DA304}.Release|Any CPU.ActiveCfg = Release|Any CPU
		{20D8534D-1052-491D-95EE-C3E22C6DA304}.Release|Any CPU.Build.0 = Release|Any CPU
		{002DEBBC-BF4E-49DA-885C-75AC9E4F74EC}.Debug|Any CPU.ActiveCfg = Debug|Any CPU
		{002DEBBC-BF4E-49DA-885C-75AC9E4F74EC}.Debug|Any CPU.Build.0 = Debug|Any CPU
		{002DEBBC-BF4E-49DA-885C-75AC9E4F74EC}.Release|Any CPU.ActiveCfg = Release|Any CPU
		{002DEBBC-BF4E-49DA-885C-75AC9E4F74EC}.Release|Any CPU.Build.0 = Release|Any CPU
	EndGlobalSection
EndGlobal
